{
  "name": "01_drag_n_drop",
  "version": "1.0.0",
  "lockfileVersion": 1,
  "requires": true,
  "dependencies": {
    "typescript": {
      "version": "4.4.0-dev.20210724",
      "resolved": "https://registry.npmjs.org/typescript/-/typescript-4.4.0-dev.20210724.tgz",
      "integrity": "sha512-AIH5F4++W2itdYvLfzPLJ+zX0xkDMA2IYOSOOz8AUj6tbfp3jW/ox60ByoUp7FwyAqvWve4xrow7xrcXrdl2pg=="
    }
  }
}
